
Microsoft Visual Studio Solution File, Format Version 12.00
# Visual Studio 15
VisualStudioVersion = 15.0.27130.2003
MinimumVisualStudioVersion = 10.0.40219.1
Project("{FAE04EC0-301F-11D3-BF4B-00C04F79EFBC}") = "DynamoDb", "DynamoDb\DynamoDb.csproj", "{84160D05-9DC5-45BB-8FE0-568522179249}"
EndProject
Project("{FAE04EC0-301F-11D3-BF4B-00C04F79EFBC}") = "DynamoDb.Libs", "DynamoDb.Libs\DynamoDb.Libs.csproj", "{DF7C483E-F888-4E5B-9517-7AA19BD62E30}"
EndProject
Global
	GlobalSection(SolutionConfigurationPlatforms) = preSolution
		Debug|Any CPU = Debug|Any CPU
		Release|Any CPU = Release|Any CPU
	EndGlobalSection
	GlobalSection(ProjectConfigurationPlatforms) = postSolution
		{84160D05-9DC5-45BB-8FE0-568522179249}.Debug|Any CPU.ActiveCfg = Debug|Any CPU
		{84160D05-9DC5-45BB-8FE0-568522179249}.Debug|Any CPU.Build.0 = Debug|Any CPU
		{84160D05-9DC5-45BB-8FE0-568522179249}.Release|Any CPU.ActiveCfg = Release|Any CPU
		{84160D05-9DC5-45BB-8FE0-568522179249}.Release|Any CPU.Build.0 = Release|Any CPU
		{DF7C483E-F888-4E5B-9517-7AA19BD62E30}.Debug|Any CPU.ActiveCfg = Debug|Any CPU
		{DF7C483E-F888-4E5B-9517-7AA19BD62E30}.Debug|Any CPU.Build.0 = Debug|Any CPU
		{DF7C483E-F888-4E5B-9517-7AA19BD62E30}.Release|Any CPU.ActiveCfg = Release|Any CPU
		{DF7C483E-F888-4E5B-9517-7AA19BD62E30}.Release|Any CPU.Build.0 = Release|Any CPU
	EndGlobalSection
	GlobalSection(SolutionProperties) = preSolution
		HideSolutionNode = FALSE
	EndGlobalSection
	GlobalSection(ExtensibilityGlobals) = postSolution
		SolutionGuid = {CE7738B9-7D9F-4D7F-9CEF-C27F465E47F7}
	EndGlobalSection
EndGlobal
